{
  "object": {
    "pins": [
      {
        "package": "FocusNode",
        "repositoryURL": "https://github.com/maxxfrazer/ARKit-FocusNode.git",
        "state": {
          "branch": null,
          "revision": "bfff754f2940edba94d1e9734124dab6a03f819d",
          "version": "2.0.2"
        }
      },
      {
        "package": "SmartHitTest",
        "repositoryURL": "https://github.com/maxxfrazer/ARKit-SmartHitTest",
        "state": {
          "branch": null,
          "revision": "2b7145d55ca273f1ec0328783f87e93b9473f9f5",
          "version": "2.0.0"
        }
      },
      {
        "package": "URLImage",
        "repositoryURL": "https://github.com/dmytro-anokhin/url-image",
        "state": {
          "branch": null,
          "revision": "22eca5ee4f317e0283da75426849ee23f0516022",
          "version": "0.9.19"
        }
      }
    ]
  },
  "version": 1
}
